
Microsoft Visual Studio Solution File, Format Version 12.00
# Visual Studio Version 16
VisualStudioVersion = 16.0.31911.196
MinimumVisualStudioVersion = 10.0.40219.1
Project("{FAE04EC0-301F-11D3-BF4B-00C04F79EFBC}") = "Eisenhower Project v1", "Eisenhower Project v1\Eisenhower Project v1.csproj", "{6EFF3A7F-4FB9-46A2-B741-EE9FA7451633}"
EndProject
Global
	GlobalSection(SolutionConfigurationPlatforms) = preSolution
		Debug|Any CPU = Debug|Any CPU
		Release|Any CPU = Release|Any CPU
	EndGlobalSection
	GlobalSection(ProjectConfigurationPlatforms) = postSolution
		{6EFF3A7F-4FB9-46A2-B741-EE9FA7451633}.Debug|Any CPU.ActiveCfg = Debug|Any CPU
		{6EFF3A7F-4FB9-46A2-B741-EE9FA7451633}.Debug|Any CPU.Build.0 = Debug|Any CPU
		{6EFF3A7F-4FB9-46A2-B741-EE9FA7451633}.Release|Any CPU.ActiveCfg = Release|Any CPU
		{6EFF3A7F-4FB9-46A2-B741-EE9FA7451633}.Release|Any CPU.Build.0 = Release|Any CPU
	EndGlobalSection
	GlobalSection(SolutionProperties) = preSolution
		HideSolutionNode = FALSE
	EndGlobalSection
	GlobalSection(ExtensibilityGlobals) = postSolution
		SolutionGuid = {B0CAAD8F-5327-4AD6-943B-B9692ECC6C8A}
	EndGlobalSection
EndGlobal
